
Microsoft Visual Studio Solution File, Format Version 12.00
# Visual Studio 14
VisualStudioVersion = 14.0.25123.0
MinimumVisualStudioVersion = 10.0.40219.1
Project("{FAE04EC0-301F-11D3-BF4B-00C04F79EFBC}") = "DesignTimeT4", "DesignTimeT4\DesignTimeT4.csproj", "{91A92D58-6B3C-430D-9112-6A0DBE10316D}"
EndProject
Project("{FAE04EC0-301F-11D3-BF4B-00C04F79EFBC}") = "CodeGenLib", "CodeGenLib\CodeGenLib.csproj", "{04E7BD13-D250-4BC9-9421-DD8BBE994B79}"
EndProject
Global
	GlobalSection(SolutionConfigurationPlatforms) = preSolution
		Debug|Any CPU = Debug|Any CPU
		Release|Any CPU = Release|Any CPU
	EndGlobalSection
	GlobalSection(ProjectConfigurationPlatforms) = postSolution
		{91A92D58-6B3C-430D-9112-6A0DBE10316D}.Debug|Any CPU.ActiveCfg = Debug|Any CPU
		{91A92D58-6B3C-430D-9112-6A0DBE10316D}.Debug|Any CPU.Build.0 = Debug|Any CPU
		{91A92D58-6B3C-430D-9112-6A0DBE10316D}.Release|Any CPU.ActiveCfg = Release|Any CPU
		{91A92D58-6B3C-430D-9112-6A0DBE10316D}.Release|Any CPU.Build.0 = Release|Any CPU
		{04E7BD13-D250-4BC9-9421-DD8BBE994B79}.Debug|Any CPU.ActiveCfg = Debug|Any CPU
		{04E7BD13-D250-4BC9-9421-DD8BBE994B79}.Debug|Any CPU.Build.0 = Debug|Any CPU
		{04E7BD13-D250-4BC9-9421-DD8BBE994B79}.Release|Any CPU.ActiveCfg = Release|Any CPU
		{04E7BD13-D250-4BC9-9421-DD8BBE994B79}.Release|Any CPU.Build.0 = Release|Any CPU
	EndGlobalSection
	GlobalSection(SolutionProperties) = preSolution
		HideSolutionNode = FALSE
	EndGlobalSection
EndGlobal
